# This is a Gradle generated file for dependency locking.
# Manual edits can break the build and are not advised.
# This file is expected to be part of source control.
com.adarshr:gradle-test-logger-plugin:4.0.0=classpath
com.bmuschko:gradle-docker-plugin:8.1.0=classpath
com.fasterxml.jackson.core:jackson-annotations:2.15.2=classpath
com.fasterxml.jackson.core:jackson-core:2.15.2=classpath
com.fasterxml.jackson.core:jackson-databind:2.15.2=classpath
com.fasterxml.jackson.dataformat:jackson-dataformat-toml:2.15.2=classpath
com.fasterxml.jackson.module:jackson-module-parameter-names:2.15.2=classpath
com.fasterxml.jackson:jackson-bom:2.15.2=classpath
com.github.ben-manes:gradle-versions-plugin:0.50.0=classpath
com.github.docker-java:docker-java-api:3.2.13=classpath
com.github.docker-java:docker-java-core:3.2.13=classpath
com.github.docker-java:docker-java-transport-httpclient5:3.2.13=classpath
com.github.docker-java:docker-java-transport:3.2.13=classpath
com.google.code.findbugs:jsr305:3.0.2=classpath
com.google.code.gson:gson:2.10.1=classpath
com.google.guava:guava:19.0=classpath
com.googlecode.javaewah:JavaEWAH:1.2.3=classpath
com.squareup.moshi:moshi-kotlin:1.12.0=classpath
com.squareup.moshi:moshi:1.12.0=classpath
com.squareup.okhttp3:okhttp:4.11.0=classpath
com.squareup.okio:okio-jvm:3.2.0=classpath
com.squareup.okio:okio:3.2.0=classpath
com.sun.activation:jakarta.activation:2.0.1=classpath
com.sun.istack:istack-commons-runtime:4.0.1=classpath
commons-codec:commons-codec:1.16.0=classpath
commons-io:commons-io:2.6=classpath
gradle.plugin.com.gorylenko.gradle-git-properties:gradle-git-properties:2.2.4=classpath
gradle.plugin.org.flywaydb:gradle-plugin-publishing:9.22.3=classpath
io.r2dbc:r2dbc-spi:1.0.0.RELEASE=classpath
io.spring.gradle:dependency-management-plugin:1.1.4=classpath
jakarta.activation:jakarta.activation-api:2.1.0=classpath
jakarta.xml.bind:jakarta.xml.bind-api:4.0.0=classpath
javax.activation:activation:1.1.1=classpath
net.java.dev.jna:jna-platform:5.13.0=classpath
net.java.dev.jna:jna:5.13.0=classpath
nu.studer:gradle-jooq-plugin:9.0=classpath
org.ajoberstar.grgit:grgit-core:5.2.1=classpath
org.ajoberstar.grgit:grgit-gradle:5.2.1=classpath
org.antlr:antlr4-runtime:4.7.2=classpath
org.apache.commons:commons-compress:1.23.0=classpath
org.apache.commons:commons-lang3:3.12.0=classpath
org.apache.httpcomponents.client5:httpclient5:5.2.3=classpath
org.apache.httpcomponents.core5:httpcore5-h2:5.2.4=classpath
org.apache.httpcomponents.core5:httpcore5:5.2.4=classpath
org.bouncycastle:bcpkix-jdk15on:1.64=classpath
org.bouncycastle:bcprov-jdk15on:1.64=classpath
org.codehaus.groovy:groovy:3.0.19=classpath
org.eclipse.jgit:org.eclipse.jgit:6.7.0.202309050840-r=classpath
org.flywaydb:flyway-core:9.22.3=classpath
org.fusesource.jansi:jansi:2.4.0=classpath
org.glassfish.jaxb:jaxb-core:3.0.2=classpath
org.glassfish.jaxb:jaxb-runtime:3.0.2=classpath
org.glassfish.jaxb:txw2:3.0.2=classpath
org.jetbrains.intellij.deps:trove4j:1.0.20200330=classpath
org.jetbrains.kotlin:kotlin-allopen:1.9.22=classpath
org.jetbrains.kotlin:kotlin-android-extensions:1.9.22=classpath
org.jetbrains.kotlin:kotlin-build-tools-api:1.9.22=classpath
org.jetbrains.kotlin:kotlin-compiler-embeddable:1.9.22=classpath
org.jetbrains.kotlin:kotlin-compiler-runner:1.9.22=classpath
org.jetbrains.kotlin:kotlin-daemon-client:1.9.22=classpath
org.jetbrains.kotlin:kotlin-daemon-embeddable:1.9.22=classpath
org.jetbrains.kotlin:kotlin-gradle-plugin-annotations:1.9.22=classpath
org.jetbrains.kotlin:kotlin-gradle-plugin-api:1.9.22=classpath
org.jetbrains.kotlin:kotlin-gradle-plugin-idea-proto:1.9.22=classpath
org.jetbrains.kotlin:kotlin-gradle-plugin-idea:1.9.22=classpath
org.jetbrains.kotlin:kotlin-gradle-plugin-model:1.9.22=classpath
org.jetbrains.kotlin:kotlin-gradle-plugin:1.9.22=classpath
org.jetbrains.kotlin:kotlin-gradle-plugins-bom:1.9.22=classpath
org.jetbrains.kotlin:kotlin-klib-commonizer-api:1.9.22=classpath
org.jetbrains.kotlin:kotlin-native-utils:1.9.22=classpath
org.jetbrains.kotlin:kotlin-project-model:1.9.22=classpath
org.jetbrains.kotlin:kotlin-reflect:1.8.20=classpath
org.jetbrains.kotlin:kotlin-scripting-common:1.9.22=classpath
org.jetbrains.kotlin:kotlin-scripting-compiler-embeddable:1.9.22=classpath
org.jetbrains.kotlin:kotlin-scripting-compiler-impl-embeddable:1.9.22=classpath
org.jetbrains.kotlin:kotlin-scripting-jvm:1.9.22=classpath
org.jetbrains.kotlin:kotlin-stdlib-common:1.8.21=classpath
org.jetbrains.kotlin:kotlin-stdlib-jdk7:1.8.21=classpath
org.jetbrains.kotlin:kotlin-stdlib-jdk8:1.8.21=classpath
org.jetbrains.kotlin:kotlin-stdlib:1.8.21=classpath
org.jetbrains.kotlin:kotlin-tooling-core:1.9.22=classpath
org.jetbrains.kotlin:kotlin-util-io:1.9.22=classpath
org.jetbrains.kotlin:kotlin-util-klib:1.9.22=classpath
org.jetbrains.kotlinx:kotlinx-coroutines-core-jvm:1.5.0=classpath
org.jetbrains:annotations:13.0=classpath
org.jooq:jooq-codegen:3.19.2=classpath
org.jooq:jooq-meta:3.19.2=classpath
org.jooq:jooq:3.19.2=classpath
org.ow2.asm:asm:9.1=classpath
org.reactivestreams:reactive-streams:1.0.3=classpath
org.siouan:frontend-gradle-plugin-jdk11:6.0.0=classpath
org.slf4j:slf4j-api:1.7.36=classpath
org.sonarsource.scanner.api:sonar-scanner-api:2.16.2.588=classpath
org.sonarsource.scanner.gradle:sonarqube-gradle-plugin:4.4.1.3373=classpath
org.springframework.boot:spring-boot-buildpack-platform:3.2.1=classpath
org.springframework.boot:spring-boot-gradle-plugin:3.2.1=classpath
org.springframework.boot:spring-boot-loader-tools:3.2.1=classpath
org.springframework:spring-core:6.0.10=classpath
org.springframework:spring-jcl:6.0.10=classpath
org.tomlj:tomlj:1.0.0=classpath
empty=
